
Microsoft Visual Studio Solution File, Format Version 12.00
# Visual Studio Version 16
VisualStudioVersion = 16.0.30002.166
MinimumVisualStudioVersion = 10.0.40219.1
Project("{FAE04EC0-301F-11D3-BF4B-00C04F79EFBC}") = "Hackathon2", "Hackathon2.csproj", "{252E6CEC-61F0-4818-872C-4CED3BB25ED0}"
EndProject
Global
	GlobalSection(SolutionConfigurationPlatforms) = preSolution
		Debug|Any CPU = Debug|Any CPU
		Release|Any CPU = Release|Any CPU
	EndGlobalSection
	GlobalSection(ProjectConfigurationPlatforms) = postSolution
		{252E6CEC-61F0-4818-872C-4CED3BB25ED0}.Debug|Any CPU.ActiveCfg = Debug|Any CPU
		{252E6CEC-61F0-4818-872C-4CED3BB25ED0}.Debug|Any CPU.Build.0 = Debug|Any CPU
		{252E6CEC-61F0-4818-872C-4CED3BB25ED0}.Release|Any CPU.ActiveCfg = Release|Any CPU
		{252E6CEC-61F0-4818-872C-4CED3BB25ED0}.Release|Any CPU.Build.0 = Release|Any CPU
	EndGlobalSection
	GlobalSection(SolutionProperties) = preSolution
		HideSolutionNode = FALSE
	EndGlobalSection
	GlobalSection(ExtensibilityGlobals) = postSolution
		SolutionGuid = {A0A0185B-74AC-4AFB-A0DE-6CBB201AD8B7}
	EndGlobalSection
EndGlobal
